
Microsoft Visual Studio Solution File, Format Version 12.00
# Visual Studio Version 17
VisualStudioVersion = 17.12.35521.163
MinimumVisualStudioVersion = 10.0.40219.1
Project("{FAE04EC0-301F-11D3-BF4B-00C04F79EFBC}") = "PasswordChecker.BL", "PasswordChecker.Server\PasswordChecker.BL.csproj", "{5BE86915-3E29-48FD-915C-AEEF20B34514}"
EndProject
Project("{FAE04EC0-301F-11D3-BF4B-00C04F79EFBC}") = "PasswordChecker.MVC", "PasswordChecker.MVC\PasswordChecker.MVC.csproj", "{1A1DEF98-61CD-4B74-9B48-809169CCB808}"
EndProject
Project("{FAE04EC0-301F-11D3-BF4B-00C04F79EFBC}") = "PasswordChecker.Data", "PasswordChecker.Data\PasswordChecker.Data.csproj", "{C24FCF4B-3375-4DE7-88FC-9A7F25BDD253}"
EndProject
Global
	GlobalSection(SolutionConfigurationPlatforms) = preSolution
		Debug|Any CPU = Debug|Any CPU
		Release|Any CPU = Release|Any CPU
	EndGlobalSection
	GlobalSection(ProjectConfigurationPlatforms) = postSolution
		{5BE86915-3E29-48FD-915C-AEEF20B34514}.Debug|Any CPU.ActiveCfg = Debug|Any CPU
		{5BE86915-3E29-48FD-915C-AEEF20B34514}.Debug|Any CPU.Build.0 = Debug|Any CPU
		{5BE86915-3E29-48FD-915C-AEEF20B34514}.Release|Any CPU.ActiveCfg = Release|Any CPU
		{5BE86915-3E29-48FD-915C-AEEF20B34514}.Release|Any CPU.Build.0 = Release|Any CPU
		{1A1DEF98-61CD-4B74-9B48-809169CCB808}.Debug|Any CPU.ActiveCfg = Debug|Any CPU
		{1A1DEF98-61CD-4B74-9B48-809169CCB808}.Debug|Any CPU.Build.0 = Debug|Any CPU
		{1A1DEF98-61CD-4B74-9B48-809169CCB808}.Release|Any CPU.ActiveCfg = Release|Any CPU
		{1A1DEF98-61CD-4B74-9B48-809169CCB808}.Release|Any CPU.Build.0 = Release|Any CPU
		{C24FCF4B-3375-4DE7-88FC-9A7F25BDD253}.Debug|Any CPU.ActiveCfg = Debug|Any CPU
		{C24FCF4B-3375-4DE7-88FC-9A7F25BDD253}.Debug|Any CPU.Build.0 = Debug|Any CPU
		{C24FCF4B-3375-4DE7-88FC-9A7F25BDD253}.Release|Any CPU.ActiveCfg = Release|Any CPU
		{C24FCF4B-3375-4DE7-88FC-9A7F25BDD253}.Release|Any CPU.Build.0 = Release|Any CPU
	EndGlobalSection
	GlobalSection(SolutionProperties) = preSolution
		HideSolutionNode = FALSE
	EndGlobalSection
EndGlobal
